
Microsoft Visual Studio Solution File, Format Version 12.00
# Visual Studio 15
VisualStudioVersion = 15.0.26228.4
MinimumVisualStudioVersion = 10.0.40219.1
Project("{FAE04EC0-301F-11D3-BF4B-00C04F79EFBC}") = "DapperPoc", "Dapper\DapperPoc.csproj", "{B2B76FD2-9D81-496A-91B5-FB7123BD9640}"
EndProject
Project("{FAE04EC0-301F-11D3-BF4B-00C04F79EFBC}") = "DapperPoc.UnitTests", "DapperPoc.UnitTests\DapperPoc.UnitTests.csproj", "{DC4C4848-FCB1-4020-97A8-7FC146712879}"
EndProject
Global
	GlobalSection(SolutionConfigurationPlatforms) = preSolution
		Debug|Any CPU = Debug|Any CPU
		Release|Any CPU = Release|Any CPU
	EndGlobalSection
	GlobalSection(ProjectConfigurationPlatforms) = postSolution
		{B2B76FD2-9D81-496A-91B5-FB7123BD9640}.Debug|Any CPU.ActiveCfg = Debug|Any CPU
		{B2B76FD2-9D81-496A-91B5-FB7123BD9640}.Debug|Any CPU.Build.0 = Debug|Any CPU
		{B2B76FD2-9D81-496A-91B5-FB7123BD9640}.Release|Any CPU.ActiveCfg = Release|Any CPU
		{B2B76FD2-9D81-496A-91B5-FB7123BD9640}.Release|Any CPU.Build.0 = Release|Any CPU
		{DC4C4848-FCB1-4020-97A8-7FC146712879}.Debug|Any CPU.ActiveCfg = Debug|Any CPU
		{DC4C4848-FCB1-4020-97A8-7FC146712879}.Debug|Any CPU.Build.0 = Debug|Any CPU
		{DC4C4848-FCB1-4020-97A8-7FC146712879}.Release|Any CPU.ActiveCfg = Release|Any CPU
		{DC4C4848-FCB1-4020-97A8-7FC146712879}.Release|Any CPU.Build.0 = Release|Any CPU
	EndGlobalSection
	GlobalSection(SolutionProperties) = preSolution
		HideSolutionNode = FALSE
	EndGlobalSection
EndGlobal
